
Microsoft Visual Studio Solution File, Format Version 12.00
# Visual Studio Version 16
VisualStudioVersion = 16.0.30804.86
MinimumVisualStudioVersion = 10.0.40219.1
Project("{FAE04EC0-301F-11D3-BF4B-00C04F79EFBC}") = "Data", "Data\Data.csproj", "{DD388951-5DF0-4366-8A7E-076EC12E6F0C}"
EndProject
Project("{FAE04EC0-301F-11D3-BF4B-00C04F79EFBC}") = "Model", "Model\Model.csproj", "{AA50B9B6-FD77-411E-B2AB-4DFBCC606A9B}"
EndProject
Project("{FAE04EC0-301F-11D3-BF4B-00C04F79EFBC}") = "ViewModel", "ViewModel\ViewModel.csproj", "{FC98F179-0CFA-46BA-85FB-0DC3F2DF7C91}"
EndProject
Project("{FAE04EC0-301F-11D3-BF4B-00C04F79EFBC}") = "WebForms", "WebForms\WebForms.csproj", "{450D505D-147E-4EFB-A00D-BFEC8BF66DF8}"
EndProject
Global
	GlobalSection(SolutionConfigurationPlatforms) = preSolution
		Debug|Any CPU = Debug|Any CPU
		Release|Any CPU = Release|Any CPU
	EndGlobalSection
	GlobalSection(ProjectConfigurationPlatforms) = postSolution
		{DD388951-5DF0-4366-8A7E-076EC12E6F0C}.Debug|Any CPU.ActiveCfg = Debug|Any CPU
		{DD388951-5DF0-4366-8A7E-076EC12E6F0C}.Debug|Any CPU.Build.0 = Debug|Any CPU
		{DD388951-5DF0-4366-8A7E-076EC12E6F0C}.Release|Any CPU.ActiveCfg = Release|Any CPU
		{DD388951-5DF0-4366-8A7E-076EC12E6F0C}.Release|Any CPU.Build.0 = Release|Any CPU
		{AA50B9B6-FD77-411E-B2AB-4DFBCC606A9B}.Debug|Any CPU.ActiveCfg = Debug|Any CPU
		{AA50B9B6-FD77-411E-B2AB-4DFBCC606A9B}.Debug|Any CPU.Build.0 = Debug|Any CPU
		{AA50B9B6-FD77-411E-B2AB-4DFBCC606A9B}.Release|Any CPU.ActiveCfg = Release|Any CPU
		{AA50B9B6-FD77-411E-B2AB-4DFBCC606A9B}.Release|Any CPU.Build.0 = Release|Any CPU
		{FC98F179-0CFA-46BA-85FB-0DC3F2DF7C91}.Debug|Any CPU.ActiveCfg = Debug|Any CPU
		{FC98F179-0CFA-46BA-85FB-0DC3F2DF7C91}.Debug|Any CPU.Build.0 = Debug|Any CPU
		{FC98F179-0CFA-46BA-85FB-0DC3F2DF7C91}.Release|Any CPU.ActiveCfg = Release|Any CPU
		{FC98F179-0CFA-46BA-85FB-0DC3F2DF7C91}.Release|Any CPU.Build.0 = Release|Any CPU
		{450D505D-147E-4EFB-A00D-BFEC8BF66DF8}.Debug|Any CPU.ActiveCfg = Debug|Any CPU
		{450D505D-147E-4EFB-A00D-BFEC8BF66DF8}.Debug|Any CPU.Build.0 = Debug|Any CPU
		{450D505D-147E-4EFB-A00D-BFEC8BF66DF8}.Release|Any CPU.ActiveCfg = Release|Any CPU
		{450D505D-147E-4EFB-A00D-BFEC8BF66DF8}.Release|Any CPU.Build.0 = Release|Any CPU
	EndGlobalSection
	GlobalSection(SolutionProperties) = preSolution
		HideSolutionNode = FALSE
	EndGlobalSection
	GlobalSection(ExtensibilityGlobals) = postSolution
		SolutionGuid = {96682BA6-8201-4CDA-AA20-1F357F3D2A59}
	EndGlobalSection
EndGlobal
